github.com/GeertJohan/go.incremental v1.0.0/go.mod h1:6fAjUhbVuX1KcMD3c8TEgVUqmo4seqhv0i0kdATSkM0=
github.com/GeertJohan/go.rice v1.0.3 h1:k5viR+xGtIhF61125vCE1cmJ5957RQGXG6dmbaWZSmI=
github.com/GeertJohan/go.rice v1.0.3/go.mod h1:XVdrU4pW00M4ikZed5q56tPf1v2KwnIKeIdc9CBYNt4=
github.com/akavel/rsrc v0.8.0/go.mod h1:uLoCtb9J+EyAqh+26kdrTgmzRBFPGOolLWKpdxkKq+c=
github.com/alecthomas/template v0.0.0-20190718012654-fb15b899a751 h1:JYp7IbQjafoB+tBA3gMyHYHrpOtNuDiK/uB5uXxq5wM=
github.com/alecthomas/template v0.0.0-20190718012654-fb15b899a751/go.mod h1:LOuyumcjzFXgccqObfd/Ljyb9UuFJ6TxHnclSeseNhc=
github.com/alecthomas/units v0.0.0-20190924025748-f65c72e2690d h1:UQZhZ2O0vMHr2cI+DC1Mbh0TJxzA3RcLoMsFw+aXw7E=
github.com/alecthomas/units v0.0.0-20190924025748-f65c72e2690d/go.mod h1:rBZYJk541a8SKzHPHnH3zbiI+7dagKZ0cgpgrD7Fyho=
github.com/bmatcuk/doublestar v1.3.4 h1:gPypJ5xD31uhX6Tf54sDPUOBXTqKH4c9aPY66CyQrS0=
github.com/bmatcuk/doublestar v1.3.4/go.mod h1:wiQtGV+rzVYxB7WIlirSN++5HPtPlXEo9MEoZQC/PmE=
github.com/cortesi/moddwatch v0.1.0 h1:+TSMuplhKlKEPKsdUXNHd67aCqew+et15dJvRCxMd1M=
github.com/cortesi/moddwatch v0.1.0/go.mod h1:PFkhcmmwsRMQ76IMjKbaIIMcGQt7BSMtFOp+pA0B2eo=
github.com/cortesi/termlog v0.0.0-20250523085554-f86697764bb0 h1:i6kD96U0+1ht4pxADqe3Vz+P44SN8TeBS4A5bPidu90=
github.com/cortesi/termlog v0.0.0-20250523085554-f86697764bb0/go.mod h1:GjgJh2CGR2AEiiH4po295B0ZEKRrt+0P1mlLrGwos+w=
github.com/creack/pty v1.1.9/go.mod h1:oKZEueFk5CKHvIhNR5MUki03XCEU+Q6VDXinZuGJ33E=
github.com/daaku/go.zipexe v1.0.2 h1:Zg55YLYTr7M9wjKn8SY/WcpuuEi+kR2u4E8RhvpyXmk=
github.com/daaku/go.zipexe v1.0.2/go.mod h1:5xWogtqlYnfBXkSB1o9xysukNP9GTvaNkqzUZbt3Bw8=
github.com/davecgh/go-spew v1.1.0/go.mod h1:J7Y8YcW2NihsgmVo/mv3lAwl/skON4iLHjSsI+c5H38=
github.com/davecgh/go-spew v1.1.1 h1:vj9j/u1bqnvCEfJOwUhtlOARqs3+rkHYY13jYWTU97c=
github.com/davecgh/go-spew v1.1.1/go.mod h1:J7Y8YcW2NihsgmVo/mv3lAwl/skON4iLHjSsI+c5H38=
github.com/dustin/go-humanize v1.0.1 h1:GzkhY7T5VNhEkwH0PVJgjz+fX1rhBrR7pRT3mDkpeCY=
github.com/dustin/go-humanize v1.0.1/go.mod h1:Mu1zIs6XwVuF/gI1OepvI0qD18qycQx+mFykh5fBlto=
github.com/fatih/color v1.19.0 h1:Zp3PiM21/9Ld6FzSKyL5c/BULoe/ONr9KlbYVOfG8+w=
github.com/fatih/color v1.19.0/go.mod h1:zNk67I0ZUT1bEGsSGyCZYZNrHuTkJJB+r6Q9VuMi0LE=
github.com/goji/httpauth v0.0.0-20160601135302-2da839ab0f4d h1:lBXNCxVENCipq4D1Is42JVOP4eQjlB8TQ6H69Yx5J9Q=
github.com/goji/httpauth v0.0.0-20160601135302-2da839ab0f4d/go.mod h1:nnjvkQ9ptGaCkuDUx6wNykzzlUixGxvkme+H/lnzb+A=
github.com/google/go-cmp v0.5.4/go.mod h1:v8dTdLbMG2kIc/vJvl+f65V22dbkXbowE6jgT/gNBxE=
github.com/google/go-cmp v0.6.0 h1:ofyhxvXcZhMsU5ulbFiLKl/XBFqE1GSq7atu8tAmTRI=
github.com/google/go-cmp v0.6.0/go.mod h1:17dUlkBOakJ0+DkrSSNjCkIjxS6bF9zb3elmeNGIjoY=
github.com/gorilla/websocket v1.5.3 h1:saDtZ6Pbx/0u+bgYQ3q96pZgCzfhKXGPqt7kZ72aNNg=
github.com/gorilla/websocket v1.5.3/go.mod h1:YR8l580nyteQvAITg2hZ9XVh4b55+EU/adAjf1fMHhE=
github.com/jessevdk/go-flags v1.4.0/go.mod h1:4FA24M0QyGHXBuZZK/XkWh8h0e1EYbRYJSGM75WSRxI=
github.com/juju/ratelimit v1.0.2 h1:sRxmtRiajbvrcLQT7S+JbqU0ntsb9W2yhSdNN8tWfaI=
github.com/juju/ratelimit v1.0.2/go.mod h1:qapgC/Gy+xNh9UxzV13HGGl/6UXNN+ct+vwSgWNm/qk=
github.com/kr/pty v1.1.1/go.mod h1:pFQYn66WHrOpPYNljwOMqo10TkYh1fy3cYio2l3bCsQ=
github.com/kr/text v0.1.0/go.mod h1:4Jbv+DJW3UT/LiOwJeYQe1efqtUx/iVham/4vfdArNI=
github.com/kr/text v0.2.0 h1:5Nx0Ya0ZqY2ygV366QzturHI13Jq95ApcVaJBhpS+AY=
github.com/kr/text v0.2.0/go.mod h1:eLer722TekiGuMkidMxC/pM04lWEeraHUUmBw8l2grE=
github.com/mattn/go-colorable v0.1.14 h1:9A9LHSqF/7dyVVX6g0U9cwm9pG3kP9gSzcuIPHPsaIE=
github.com/mattn/go-colorable v0.1.14/go.mod h1:6LmQG8QLFO4G5z1gPvYEzlUgJ2wF+stgPZH1UqBm1s8=
github.com/mattn/go-isatty v0.0.20 h1:xfD0iDuEKnDkl03q4limB+vH+GxLEtL/jb4xVJSWWEY=
github.com/mattn/go-isatty v0.0.20/go.mod h1:W+V8PltTTMOvKvAeJH7IuucS94S2C6jfK/D7dTCTo3Y=
github.com/mitchellh/go-homedir v1.1.0 h1:lukF9ziXFxDFPkA1vsr5zpc1XuPDn/wFntq5mG+4E0Y=
github.com/mitchellh/go-homedir v1.1.0/go.mod h1:SfyaCUpYCn1Vlf4IUYiD9fPX4A5wJrkLzIz1N1q0pr0=
github.com/niemeyer/pretty v0.0.0-20200227124842-a10e7caefd8e h1:fD57ERR4JtEqsWbfPhv4DMiApHyliiK5xCTNVSPiaAs=
github.com/niemeyer/pretty v0.0.0-20200227124842-a10e7caefd8e/go.mod h1:zD1mROLANZcx1PVRCS0qkT7pwLkGfwJo4zjcN/Tysno=
github.com/nkovacs/streamquote v1.0.0/go.mod h1:BN+NaZ2CmdKqUuTUXUEm9j95B2TRbpOWpxbJYzzgUsc=
github.com/pmezard/go-difflib v1.0.0 h1:4DBwDE0NGyQoBHbLQYPwSUPoCMWR5BEzIk/f1lZbAQM=
github.com/pmezard/go-difflib v1.0.0/go.mod h1:iKH77koFhYxTK1pcRnkKkqfTogsbg7gZNVY4sRDYZ/4=
github.com/rjeczalik/notify v0.9.3 h1:6rJAzHTGKXGj76sbRgDiDcYj/HniypXmSJo1SWakZeY=
github.com/rjeczalik/notify v0.9.3/go.mod h1:gF3zSOrafR9DQEWSE8TjfI9NkooDxbyT4UgRGKZA0lc=
github.com/stretchr/objx v0.1.0/go.mod h1:HFkY916IF+rwdDfMAkV7OtwuqBVzrE8GR6GFx+wExME=
github.com/stretchr/testify v1.4.0/go.mod h1:j7eGeouHqKxXV5pUuKE4zz7dFj8WfuZ+81PSLYec5m4=
github.com/stretchr/testify v1.5.1 h1:nOGnQDM7FYENwehXlg/kFVnos3rEvtKTjRvOWSzb6H4=
github.com/stretchr/testify v1.5.1/go.mod h1:5W2xD1RspED5o8YsWQXVCued0rvSQ+mT+I5cxcmMvtA=
github.com/toqueteos/webbrowser v1.2.0 h1:tVP/gpK69Fx+qMJKsLE7TD8LuGWPnEV71wBN9rrstGQ=
github.com/toqueteos/webbrowser v1.2.0/go.mod h1:XWoZq4cyp9WeUeak7w7LXRUQf1F1ATJMir8RTqb4ayM=
github.com/valyala/bytebufferpool v1.0.0/go.mod h1:6bBcMArwyJ5K/AmCkWv1jt77kVWyCJ6HpOuEn7z0Csc=
github.com/valyala/fasttemplate v1.0.1/go.mod h1:UQGH1tvbgY+Nz5t2n7tXsz52dQxojPUpymEIMZ47gx8=
golang.org/x/net v0.52.0 h1:He/TN1l0e4mmR3QqHMT2Xab3Aj3L9qjbhRm78/6jrW0=
golang.org/x/net v0.52.0/go.mod h1:R1MAz7uMZxVMualyPXb+VaqGSa3LIaUqk0eEt3w36Sw=
golang.org/x/sys v0.0.0-20180926160741-c2ed4eda69e7/go.mod h1:STP8DvDyc/dI5b8T5hshtkjS+E42TnysNCUPdjciGhY=
golang.org/x/sys v0.6.0/go.mod h1:oPkhp1MJrh7nUepCBck5+mAzfO9JrbApNNgaTdGDITg=
golang.org/x/sys v0.7.0/go.mod h1:oPkhp1MJrh7nUepCBck5+mAzfO9JrbApNNgaTdGDITg=
golang.org/x/sys v0.42.0 h1:omrd2nAlyT5ESRdCLYdm3+fMfNFE/+Rf4bDIQImRJeo=
golang.org/x/sys v0.42.0/go.mod h1:4GL1E5IUh+htKOUEOaiffhrAeqysfVGipDYzABqnCmw=
golang.org/x/term v0.41.0 h1:QCgPso/Q3RTJx2Th4bDLqML4W6iJiaXFq2/ftQF13YU=
golang.org/x/term v0.41.0/go.mod h1:3pfBgksrReYfZ5lvYM0kSO0LIkAl4Yl2bXOkKP7Ec2A=
golang.org/x/xerrors v0.0.0-20191204190536-9bdfabe68543/go.mod h1:I/5z698sn9Ka8TeJc9MKroUUfqBBauWjQqLJ2OPfmY0=
gopkg.in/alecthomas/kingpin.v2 v2.2.6 h1:jMFz6MfLP0/4fUyZle81rXUoxOBFi19VUFKVDOQfozc=
gopkg.in/alecthomas/kingpin.v2 v2.2.6/go.mod h1:FMv+mEhP44yOT+4EoQTLFTRgOQ1FBLkstjWtayDeSgw=
gopkg.in/check.v1 v0.0.0-20161208181325-20d25e280405/go.mod h1:Co6ibVJAznAaIkqp8huTwlJQCZ016jof/cbN4VW5Yz0=
gopkg.in/check.v1 v1.0.0-20200227125254-8fa46927fb4f h1:BLraFXnmrev5lT+xlilqcH8XK9/i0At2xKjWk4p6zsU=
gopkg.in/check.v1 v1.0.0-20200227125254-8fa46927fb4f/go.mod h1:Co6ibVJAznAaIkqp8huTwlJQCZ016jof/cbN4VW5Yz0=
gopkg.in/yaml.v2 v2.2.2/go.mod h1:hI93XBmqTisBFMUTm0b8Fm+jr3Dg1NNxqwp+5A1VGuI=
gopkg.in/yaml.v2 v2.2.8 h1:obN1ZagJSUGI0Ek/LBmuj4SNLPfIny3KsKFopxRdj10=
gopkg.in/yaml.v2 v2.2.8/go.mod h1:hI93XBmqTisBFMUTm0b8Fm+jr3Dg1NNxqwp+5A1VGuI=
