# This file is autogenerated, do not edit; changes may be undone by the next 'dep ensure'.


[[projects]]
  branch = "master"
  name = "github.com/GeertJohan/go.rice"
  packages = [".","embedded"]
  revision = "0f3f5fde32fd1f755632a3d31ba2ec6d449e387b"

[[projects]]
  branch = "master"
  name = "github.com/alecthomas/template"
  packages = [".","parse"]
  revision = "a0175ee3bccc567396460bf5acd36800cb10c49c"

[[projects]]
  branch = "master"
  name = "github.com/alecthomas/units"
  packages = ["."]
  revision = "2efee857e7cfd4f3d0138cc3cbb1b4966962b93a"

[[projects]]
  branch = "master"
  name = "github.com/bmatcuk/doublestar"
  packages = ["."]
  revision = "4f612bd6c10e2ef68e2ea50aabc50c3681bbac86"

[[projects]]
  branch = "master"
  name = "github.com/cortesi/moddwatch"
  packages = [".","filter"]
  revision = "240471ee3dbcb471822bdbd1d583857869dec519"

[[projects]]
  branch = "master"
  name = "github.com/cortesi/termlog"
  packages = ["."]
  revision = "2ed14eb6ce62ec5bcc3fd25885a1d13d53f34fd1"

[[projects]]
  branch = "master"
  name = "github.com/daaku/go.zipexe"
  packages = ["."]
  revision = "a5fe2436ffcb3236e175e5149162b41cd28bd27d"

[[projects]]
  branch = "master"
  name = "github.com/dustin/go-humanize"
  packages = ["."]
  revision = "c20a8bde38c8f5ba06f6600edf473705c96829d1"

[[projects]]
  branch = "master"
  name = "github.com/fatih/color"
  packages = ["."]
  revision = "76d423163af754ff6423d2d9be0057fbf03c57c2"

[[projects]]
  branch = "master"
  name = "github.com/goji/httpauth"
  packages = ["."]
  revision = "c1b2bcd8769bd15cc56751223fd4b9f45ca987ca"

[[projects]]
  branch = "master"
  name = "github.com/gorilla/websocket"
  packages = ["."]
  revision = "a91eba7f97777409bc2c443f5534d41dd20c5720"

[[projects]]
  branch = "master"
  name = "github.com/juju/ratelimit"
  packages = ["."]
  revision = "772f5c38e468398c4511514f4f6aa9a4185bc0a0"

[[projects]]
  branch = "master"
  name = "github.com/kardianos/osext"
  packages = ["."]
  revision = "345163ffe35aa66560a4cd7dddf00f3ae21c9fda"

[[projects]]
  branch = "master"
  name = "github.com/mattn/go-isatty"
  packages = ["."]
  revision = "7fcbc72f853b92b5720db4a6b8482be612daef24"

[[projects]]
  branch = "master"
  name = "github.com/mitchellh/go-homedir"
  packages = ["."]
  revision = "d682a8f0cf139663a984ff12528da460ca963de9"

[[projects]]
  branch = "master"
  name = "github.com/rjeczalik/notify"
  packages = ["."]
  revision = "5dd6205716539662f8f14ab513552b41eab69d5d"

[[projects]]
  branch = "master"
  name = "github.com/shiena/ansicolor"
  packages = ["."]
  revision = "d445752f6f66f9cd987722f109149f6799cdf1de"

[[projects]]
  branch = "master"
  name = "github.com/toqueteos/webbrowser"
  packages = ["."]
  revision = "21fc9f95c83442fd164094666f7cb4f9fdd56cd6"

[[projects]]
  branch = "master"
  name = "golang.org/x/crypto"
  packages = ["ssh/terminal"]
  revision = "c8b9e6388ef638d5a8a9d865c634befdc46a6784"

[[projects]]
  branch = "master"
  name = "golang.org/x/net"
  packages = ["context"]
  revision = "a6577fac2d73be281a500b310739095313165611"

[[projects]]
  branch = "master"
  name = "gopkg.in/alecthomas/kingpin.v2"
  packages = ["."]
  revision = "e9044be3ab2a8e11d4e1f418d12f0790d57e8d70"

[solve-meta]
  analyzer-name = "dep"
  analyzer-version = 1
  inputs-digest = "30457deb7014beb9ae46ed9b0c916f0a6b2325ee16dea803e9b52d926f137da0"
  solver-name = "gps-cdcl"
  solver-version = 1
