# This file is autogenerated, do not edit; changes may be undone by the next 'dep ensure'.


[[projects]]
  branch = "master"
  digest = "1:6204a59b379aadf05380cf8cf3ae0f5867588ba028fe84f260312a79ae717272"
  name = "github.com/GeertJohan/go.rice"
  packages = [
    ".",
    "embedded",
  ]
  pruneopts = ""
  revision = "c02ca9a983da5807ddf7d796784928f5be4afd09"

[[projects]]
  branch = "master"
  digest = "1:a74730e052a45a3fab1d310fdef2ec17ae3d6af16228421e238320846f2aaec8"
  name = "github.com/alecthomas/template"
  packages = [
    ".",
    "parse",
  ]
  pruneopts = ""
  revision = "a0175ee3bccc567396460bf5acd36800cb10c49c"

[[projects]]
  branch = "master"
  digest = "1:8483994d21404c8a1d489f6be756e25bfccd3b45d65821f25695577791a08e68"
  name = "github.com/alecthomas/units"
  packages = ["."]
  pruneopts = ""
  revision = "2efee857e7cfd4f3d0138cc3cbb1b4966962b93a"

[[projects]]
  branch = "master"
  digest = "1:d0cc4a5bd7f183727fa68f58cb969413aaf6cbb8824c36b4fdbd729a4e98c937"
  name = "github.com/bmatcuk/doublestar"
  packages = ["."]
  pruneopts = ""
  revision = "85a78806aa1b4707d1dbace9be592cf1ece91ab3"

[[projects]]
  branch = "master"
  digest = "1:a4ed0f60085a36f35212a54e6d337aef5b87a094d142485a4de88f6f844e164e"
  name = "github.com/cortesi/moddwatch"
  packages = [
    ".",
    "filter",
  ]
  pruneopts = ""
  revision = "5f01cc16f2a5c412d22c623c02662f09f7b73ae2"

[[projects]]
  branch = "master"
  digest = "1:a1b3f36f29119282a2269b95627f401035ffa79bd6cb5484ddad75ce14c072fa"
  name = "github.com/cortesi/termlog"
  packages = ["."]
  pruneopts = ""
  revision = "87cefd5ac843f65364f70a1fd2477bb6437690e8"

[[projects]]
  branch = "master"
  digest = "1:5fd5c4d4282935b7a575299494f2c09e9d2cacded7815c83aff7c1602aff3154"
  name = "github.com/daaku/go.zipexe"
  packages = ["."]
  pruneopts = ""
  revision = "a5fe2436ffcb3236e175e5149162b41cd28bd27d"

[[projects]]
  branch = "master"
  digest = "1:f1a75a8e00244e5ea77ff274baa9559eb877437b240ee7b278f3fc560d9f08bf"
  name = "github.com/dustin/go-humanize"
  packages = ["."]
  pruneopts = ""
  revision = "9f541cc9db5d55bce703bd99987c9d5cb8eea45e"

[[projects]]
  branch = "master"
  digest = "1:eeba285fdc8e024e3305d5efd2a85e9e46097172873f9c841ae575527e6affbe"
  name = "github.com/fatih/color"
  packages = ["."]
  pruneopts = ""
  revision = "3f9d52f7176a6927daacff70a3e8d1dc2025c53e"

[[projects]]
  branch = "master"
  digest = "1:581425d651d882aae7182383d5780b339278d93080ab9863d32030232a1107be"
  name = "github.com/goji/httpauth"
  packages = ["."]
  pruneopts = ""
  revision = "2da839ab0f4df05a6db5eb277995589dadbd4fb9"

[[projects]]
  digest = "1:09aa5dd1332b93c96bde671bafb053249dc813febf7d5ca84e8f382ba255d67d"
  name = "github.com/gorilla/websocket"
  packages = ["."]
  pruneopts = ""
  revision = "66b9c49e59c6c48f0ffce28c2d8b8a5678502c6d"
  version = "v1.4.0"

[[projects]]
  branch = "master"
  digest = "1:d26c006cbf54ca5c040463d5678013169e2bd91fb62c2f960ae283a1723d4278"
  name = "github.com/juju/ratelimit"
  packages = ["."]
  pruneopts = ""
  revision = "59fac5042749a5afb9af70e813da1dd5474f0167"

[[projects]]
  branch = "master"
  digest = "1:2c5ad58492804c40bdaf5d92039b0cde8b5becd2b7feeb37d7d1cc36a8aa8dbe"
  name = "github.com/kardianos/osext"
  packages = ["."]
  pruneopts = ""
  revision = "ae77be60afb1dcacde03767a8c37337fad28ac14"

[[projects]]
  digest = "1:9ea83adf8e96d6304f394d40436f2eb44c1dc3250d223b74088cc253a6cd0a1c"
  name = "github.com/mattn/go-colorable"
  packages = ["."]
  pruneopts = ""
  revision = "167de6bfdfba052fa6b2d3664c8f5272e23c9072"
  version = "v0.0.9"

[[projects]]
  digest = "1:3140e04675a6a91d2a20ea9d10bdadf6072085502e6def6768361260aee4b967"
  name = "github.com/mattn/go-isatty"
  packages = ["."]
  pruneopts = ""
  revision = "6ca4dbf54d38eea1a992b3c722a76a5d1c4cb25c"
  version = "v0.0.4"

[[projects]]
  branch = "master"
  digest = "1:096a8a9182648da3d00ff243b88407838902b6703fc12657f76890e08d1899bf"
  name = "github.com/mitchellh/go-homedir"
  packages = ["."]
  pruneopts = ""
  revision = "ae18d6b8b3205b561c79e8e5f69bff09736185f4"

[[projects]]
  branch = "master"
  digest = "1:b434ecf65028920da12e3c375ee17e67bdb9ba2d6e6d39ac11f54679155ac4a7"
  name = "github.com/rjeczalik/notify"
  packages = ["."]
  pruneopts = ""
  revision = "629144ba06a1c6af28c1e42c228e3d42594ce081"

[[projects]]
  digest = "1:e1cd343b3883ced86b6873fe4d2f76799259fba3d1656df6ac0a7fa92644c049"
  name = "github.com/toqueteos/webbrowser"
  packages = ["."]
  pruneopts = ""
  revision = "3232c91b8ede8ca86e8962981d881af78875542f"
  version = "v1.1.0"

[[projects]]
  branch = "master"
  digest = "1:887074c37fcefc2f49b5ae9c6f9f36107341aec23185613d0e9f1ee81db7f94a"
  name = "golang.org/x/crypto"
  packages = ["ssh/terminal"]
  pruneopts = ""
  revision = "505ab145d0a99da450461ae2c1a9f6cd10d1f447"

[[projects]]
  branch = "master"
  digest = "1:4ab2fc83e3222b69759dfd717e01d0cf38b133aabfacc29a86057021a2f1abd9"
  name = "golang.org/x/net"
  packages = ["context"]
  pruneopts = ""
  revision = "927f97764cc334a6575f4b7a1584a147864d5723"

[[projects]]
  branch = "master"
  digest = "1:e6d1805ead5b8f2439808f76187f54042ed35ee26eb9ca63127259a0e612b119"
  name = "golang.org/x/sys"
  packages = [
    "unix",
    "windows",
  ]
  pruneopts = ""
  revision = "b4a75ba826a64a70990f11a225237acd6ef35c9f"

[[projects]]
  digest = "1:15d017551627c8bb091bde628215b2861bed128855343fdd570c62d08871f6e1"
  name = "gopkg.in/alecthomas/kingpin.v2"
  packages = ["."]
  pruneopts = ""
  revision = "947dcec5ba9c011838740e680966fd7087a71d0d"
  version = "v2.2.6"

[solve-meta]
  analyzer-name = "dep"
  analyzer-version = 1
  input-imports = [
    "github.com/GeertJohan/go.rice",
    "github.com/GeertJohan/go.rice/embedded",
    "github.com/cortesi/moddwatch",
    "github.com/cortesi/termlog",
    "github.com/dustin/go-humanize",
    "github.com/fatih/color",
    "github.com/goji/httpauth",
    "github.com/gorilla/websocket",
    "github.com/juju/ratelimit",
    "github.com/mitchellh/go-homedir",
    "github.com/toqueteos/webbrowser",
    "golang.org/x/net/context",
    "gopkg.in/alecthomas/kingpin.v2",
  ]
  solver-name = "gps-cdcl"
  solver-version = 1
